
Microsoft Visual Studio Solution File, Format Version 12.00
# Visual Studio Version 16
VisualStudioVersion = 16.0.30104.148
MinimumVisualStudioVersion = 10.0.40219.1
Project("{9A19103F-16F7-4668-BE54-9A1E7A4F7556}") = "Directory info", "Directory info\Directory info.csproj", "{D338AAE9-EC2F-4D55-B56C-7BF06DDCDB7C}"
EndProject
Global
	GlobalSection(SolutionConfigurationPlatforms) = preSolution
		Debug|Any CPU = Debug|Any CPU
		Debug|x64 = Debug|x64
		Release|Any CPU = Release|Any CPU
		Release|x64 = Release|x64
	EndGlobalSection
	GlobalSection(ProjectConfigurationPlatforms) = postSolution
		{D338AAE9-EC2F-4D55-B56C-7BF06DDCDB7C}.Debug|Any CPU.ActiveCfg = Debug|Any CPU
		{D338AAE9-EC2F-4D55-B56C-7BF06DDCDB7C}.Debug|Any CPU.Build.0 = Debug|Any CPU
		{D338AAE9-EC2F-4D55-B56C-7BF06DDCDB7C}.Debug|x64.ActiveCfg = Debug|Any CPU
		{D338AAE9-EC2F-4D55-B56C-7BF06DDCDB7C}.Debug|x64.Build.0 = Debug|Any CPU
		{D338AAE9-EC2F-4D55-B56C-7BF06DDCDB7C}.Release|Any CPU.ActiveCfg = Release|Any CPU
		{D338AAE9-EC2F-4D55-B56C-7BF06DDCDB7C}.Release|Any CPU.Build.0 = Release|Any CPU
		{D338AAE9-EC2F-4D55-B56C-7BF06DDCDB7C}.Release|x64.ActiveCfg = Release|x64
		{D338AAE9-EC2F-4D55-B56C-7BF06DDCDB7C}.Release|x64.Build.0 = Release|x64
	EndGlobalSection
	GlobalSection(SolutionProperties) = preSolution
		HideSolutionNode = FALSE
	EndGlobalSection
	GlobalSection(ExtensibilityGlobals) = postSolution
		SolutionGuid = {FA759829-47BB-472E-BCDE-8107E648464F}
	EndGlobalSection
EndGlobal
